{
    "_meta": {
        "hash": {
            "sha256": "423ce35be7db00b61be7184f799a62645eb07659694f7d908f3227141dc61825"
        },
        "pipfile-spec": 6,
        "requires": {
            "python_version": "3.8"
        },
        "sources": [
            {
                "name": "pypi",
                "url": "https://pypi.org/simple",
                "verify_ssl": true
            }
        ]
    },
    "default": {
        "grpcio": {
            "hashes": [
                "sha256:07b83c06e7d113044cf3da15ca52f578c5f3dca299af711e9a589c1b71eb8be5",
                "sha256:0c9e42f2499c8603af1d88771dc97e2c6b0310c278337058fd7fd1ddb35ab853",
                "sha256:0e92dc6a85cd1de42527812ef1276095e62169d002d86c888b6e889fcda1dd29",
                "sha256:0f76287d98ec79a38cba8292d0bdcd6ab9b9daf568dce1d53b9eb0135fc14d26",
                "sha256:18afdda2bbe0c615da4daff754cab0df9bbd859c415d85e7e741a2975b3208b4",
                "sha256:1af074f28a56425e4f4d99761708981543a27ae963f5b4b0a36ff71f3483479d",
                "sha256:1d1a320230e0d020880178b8eb453300bd57700b44c3744268370502e7376a9b",
                "sha256:1deeb84bb344351434f999cea4704ac6f1e07b3d861e34c44b50d8afa06caaa1",
                "sha256:1df931fbb4c36363d2cb985c2c26fda8f060b541a89c6c1191fdb59151a8c934",
                "sha256:1fcced1abb13cdb6a5d8b105765d30212a6cb29ab0dfb01eedecf2ff6c84371b",
                "sha256:24c63592103fded38b258f1e520ba8b0a7a0bbc397cddd6520a1f74dc4b5dec0",
                "sha256:2b4f5671f9e88b7f51f54adda37a23277b7fdebd1557c47543b3e8a8044dd510",
                "sha256:33f7678287ac330c94e25f96cdb951e0861e206115ba4d8ea66cf6546b1a09d0",
                "sha256:3b789472e9ef75d179295d0c6a1f7f0aefd08189cd1c822b068b0523365a1dbe",
                "sha256:431f864f2642a97d0aa8c6b606c307f03d22f919b1a226af90488426aed35809",
                "sha256:504af9e86ab01c9c33d8a452fe846aa931d024945f2e897537ccb8f7d76778ee",
                "sha256:53d34cbf212f03634d74ba366d595b4a06a3b60fcc731eddbd6fd7ebe4acf981",
                "sha256:590c7206f764cfe37a65003a75977358e20919ed488f970935f54efa2741b497",
                "sha256:5b403c4ad22f3ba37c7720547d8888a1e4b74ad980a94332bbbc50330b623abc",
                "sha256:5b49f372df33f5f84865aef5d46cacd23180b586c80e8cbe0ce149b96dfa8c4c",
                "sha256:6275a54b41d6b1ec539b019bc3affaf6d05b0a0ba36af1a65b8a2810ef69e07d",
                "sha256:69e99fe6bdc2cdacd04cef6b6585b00630d958c98e36d825de3eea406e15fb31",
                "sha256:6be86e8d5cf47415968588e5dfbfb92ee8757fb41139584192b67050d1a72c58",
                "sha256:712113946b303db9ae4245a13de213710367850a6c3c53530b70e87989feb8e0",
                "sha256:7734d1b91f1f3b1f186debf8ec4d168ee088a54e8186c14d89a95f7e51d3198d",
                "sha256:7b44ed75b9d67d17e5a098a0f99a8fd3e5861fd3c4eb54212277a0acdf298434",
                "sha256:7cbf1e3aaec3edf734ef90182363a395d234cd4790544be914cedbe1b9fec99a",
                "sha256:7e6885a8431939f1ee547e965fa3cb801a518b83d3d3509e90dbef78f0b5fd29",
                "sha256:7ea235cecb9df14b49a75cbd27a634683a96bb76576363407ec820ae454ce2b2",
                "sha256:80a8867746cff41c2db436dd9eea18ebbfcd0449d65b64b3ed3c995207898971",
                "sha256:8166ac6671472d172cc0db50323b7a7504bd534de54aa31354465a00ca44409d",
                "sha256:8fc7667564c8c15748354dea1bb4035c5118df4e9dc5154ccdb6e62a3e5a2bac",
                "sha256:9efbedc737ba342d8a2459afc9bd5c5df31adcdf774b772a4e663739f2cf0d06",
                "sha256:a3bee217bda6b2c81d9e2866f523217135a03a007a89043eee074e93d76706b0",
                "sha256:b16258a31269b97e26a08d71b5deb56499e86077d26e453fad8f6ec4c06fe666",
                "sha256:b676c4365a5753bc8c49f922a5f88bdb5df6746c670a9d859d2ba2f5f97d9269",
                "sha256:bea6a20c5a732a27b64623d43614b3022e6fcfc081a75236b7f9aa069d2eaa4d",
                "sha256:d406cf2f6ccf39883a24b048c448a37bac16939408c1b6fbb4d021f3cd961448",
                "sha256:d9c51ca201326b49cfee38336c6e7dd1cb8a6b6d0dcf84aeaecbae310a736dbc",
                "sha256:df07843c8c0dc71a56d3af3dfe19165fb0d3af7d3354a72185f6fa1b4ac05cab",
                "sha256:ea84becb5cbd6a94a810c5214eb263ae57e915a9ed1bdcd5b4a6baf13d8c5177",
                "sha256:f14a82d12d53eb93298c35edf88d8c3ef37243b95f94dd3c75fddcba575d34ab",
                "sha256:f3761f9a6817e32898eaa5aecd0b0ad69d0c68ab45ea7bf206e8dc4548f025f0",
                "sha256:f7e66d8b31ef2bada7029275debbe12c97397ec7ac70a659837a7b8a6a9dc916",
                "sha256:f9f7c0dd17f24e1774cc3a8df738246772994e853c28b28ed6ba7711ccf0abb4"
            ],
            "index": "pypi",
            "markers": "python_version >= '3.7'",
            "version": "==1.53.2"
        },
        "grpcio-tools": {
            "hashes": [
                "sha256:00c5080cfb197ed20ecf0d0ff2d07f1fc9c42c724cad21c40ff2d048de5712b1",
                "sha256:069826dd02ce1886444cf4519c4fe1b05ac9ef41491f26e97400640531db47f6",
                "sha256:1266b577abe7c720fd16a83d0a4999a192e87c4a98fc9f97e0b99b106b3e155f",
                "sha256:16dc3fad04fe18d50777c56af7b2d9b9984cd1cfc71184646eb431196d1645c6",
                "sha256:1de5a273eaffeb3d126a63345e9e848ea7db740762f700eb8b5d84c5e3e7687d",
                "sha256:2ca280af2cae1a014a238057bd3c0a254527569a6a9169a01c07f0590081d530",
                "sha256:43a1573400527a23e4174d88604fde7a9d9a69bf9473c21936b7f409858f8ebb",
                "sha256:4698c6b6a57f73b14d91a542c69ff33a2da8729691b7060a5d7f6383624d045e",
                "sha256:520b7dafddd0f82cb7e4f6e9c6ba1049aa804d0e207870def9fe7f94d1e14090",
                "sha256:57f8b9e2c7f55cd45f6dd930d6de61deb42d3eb7f9788137fbc7155cf724132a",
                "sha256:59fbeb5bb9a7b94eb61642ac2cee1db5233b8094ca76fc56d4e0c6c20b5dd85f",
                "sha256:5fd7efc2fd3370bd2c72dc58f31a407a5dff5498befa145da211b2e8c6a52c63",
                "sha256:6016c07d6566e3109a3c032cf3861902d66501ecc08a5a84c47e43027302f367",
                "sha256:627c91923df75091d8c4d244af38d5ab7ed8d786d480751d6c2b9267fbb92fe0",
                "sha256:69c4a63919b9007e845d9f8980becd2f89d808a4a431ca32b9723ee37b521cb1",
                "sha256:77e25c241e33b75612f2aa62985f746c6f6803ec4e452da508bb7f8d90a69db4",
                "sha256:7a2d5fb558ac153a326e742ebfd7020eb781c43d3ffd920abd42b2e6c6fdfb37",
                "sha256:7b54b283ec83190680903a9037376dc915e1f03852a2d574ba4d981b7a1fd3d0",
                "sha256:845a51305af9fc7f9e2078edaec9a759153195f6cf1fbb12b1fa6f077e56b260",
                "sha256:84724458c86ff9b14c29b49e321f34d80445b379f4cd4d0494c694b49b1d6f88",
                "sha256:87e8ca2c2d2d3e09b2a2bed5d740d7b3e64028dafb7d6be543b77eec85590736",
                "sha256:8e7738a4b93842bca1158cde81a3587c9b7111823e40a1ddf73292ca9d58e08b",
                "sha256:915a695bc112517af48126ee0ecdb6aff05ed33f3eeef28f0d076f1f6b52ef5e",
                "sha256:99961156a36aae4a402d6b14c1e7efde642794b3ddbf32c51db0cb3a199e8b11",
                "sha256:9ba88c2d99bcaf7b9cb720925e3290d73b2367d238c5779363fd5598b2dc98c7",
                "sha256:a140bf853edb2b5e8692fe94869e3e34077d7599170c113d07a58286c604f4fe",
                "sha256:a14dc7a36c845991d908a7179502ca47bcba5ae1817c4426ce68cf2c97b20ad9",
                "sha256:a3d2aec4b09c8e59fee8b0d1ed668d09e8c48b738f03f5d8401d7eb409111c47",
                "sha256:a8f892378b0b02526635b806f59141abbb429d19bec56e869e04f396502c9651",
                "sha256:aaa5ae26883c3d58d1a4323981f96b941fa09bb8f0f368d97c6225585280cf04",
                "sha256:b56caecc16307b088a431a4038c3b3bb7d0e7f9988cbd0e9fa04ac937455ea38",
                "sha256:bd7f59ff1252a3db8a143b13ea1c1e93d4b8cf4b852eb48b22ef1e6942f62a84",
                "sha256:c1bb8f47d58e9f7c4825abfe01e6b85eda53c8b31d2267ca4cddf3c4d0829b80",
                "sha256:d1a5e5fa47ba9557a7d3b31605631805adc66cdba9d95b5d10dfc52cca1fed53",
                "sha256:dcbc06556f3713a9348c4fce02d05d91e678fc320fb2bcf0ddf8e4bb11d17867",
                "sha256:e17b2e0936b04ced99769e26111e1e86ba81619d1b2691b1364f795e45560953",
                "sha256:e6932518db389ede8bf06b4119bbd3e17f42d4626e72dec2b8955b20ec732cb6",
                "sha256:ea4b3ad696d976d5eac74ec8df9a2c692113e455446ee38d5b3bd87f8e034fa6",
                "sha256:ee50b0cf0d28748ef9f941894eb50fc464bd61b8e96aaf80c5056bea9b80d580",
                "sha256:ef624b6134aef737b3daa4fb7e806cb8c5749efecd0b1fa9ce4f7e060c7a0221",
                "sha256:f5450aa904e720f9c6407b59e96a8951ed6a95463f49444b6d2594b067d39588",
                "sha256:f8514453411d72cc3cf7d481f2b6057e5b7436736d0cd39ee2b2f72088bbf497",
                "sha256:fae91f30dc050a8d0b32d20dc700e6092f0bd2138d83e9570fff3f0372c1b27e"
            ],
            "index": "pypi",
            "version": "==1.27.2"
        },
        "protobuf": {
            "hashes": [
                "sha256:0149053336a466e3e0b040e54d0b615fc71de86da66791c592cc3c8d18150bf8",
                "sha256:08fe19d267608d438aa37019236db02b306e33f6b9902c3163838b8e75970223",
                "sha256:29660574cd769f2324a57fb78127cda59327eb6664381ecfe1c69731b83e8288",
                "sha256:2991f5e7690dab569f8f81702e6700e7364cc3b5e572725098215d3da5ccc6ac",
                "sha256:3b01a5274ac920feb75d0b372d901524f7e3ad39c63b1a2d55043f3887afe0c1",
                "sha256:3bcbeb2bf4bb61fe960dd6e005801a23a43578200ea8ceb726d1f6bd0e562ba1",
                "sha256:447b9786ac8e50ae72cae7a2eec5c5df6a9dbf9aa6f908f1b8bda6032644ea62",
                "sha256:514b6bbd54a41ca50c86dd5ad6488afe9505901b3557c5e0f7823a0cf67106fb",
                "sha256:5cb9e41188737f321f4fce9a4337bf40a5414b8d03227e1d9fbc59bc3a216e35",
                "sha256:7a92beb30600332a52cdadbedb40d33fd7c8a0d7f549c440347bc606fb3fe34b",
                "sha256:84ea0bd90c2fdd70ddd9f3d3fc0197cc24ecec1345856c2b5ba70e4d99815359",
                "sha256:aca6e86a08c5c5962f55eac9b5bd6fce6ed98645d77e8bfc2b952ecd4a8e4f6a",
                "sha256:cc14358a8742c4e06b1bfe4be1afbdf5c9f6bd094dff3e14edb78a1513893ff5"
            ],
            "markers": "python_version >= '3.7'",
            "version": "==4.23.3"
        }
    },
    "develop": {}
}
